// !$*UTF8*$!
{
	archiveVersion = 1;
	classes = {
	};
	objectVersion = 46;
	objects = {

/* Begin PBXBuildFile section */
		5E44DDBB19DCB25000D15D28 /* main.m in Sources */ = {isa = PBXBuildFile; fileRef = 5E44DDBA19DCB25000D15D28 /* main.m */; };
		5E44DDBE19DCB25000D15D28 /* CardGameAppDelegate.m in Sources */ = {isa = PBXBuildFile; fileRef = 5E44DDBD19DCB25000D15D28 /* CardGameAppDelegate.m */; };
		5E44DDC119DCB25000D15D28 /* CardGameViewController.m in Sources */ = {isa = PBXBuildFile; fileRef = 5E44DDC019DCB25000D15D28 /* CardGameViewController.m */; };
		5E44DDC419DCB25000D15D28 /* Main.storyboard in Resources */ = {isa = PBXBuildFile; fileRef = 5E44DDC219DCB25000D15D28 /* Main.storyboard */; };
		5E44DDC619DCB25000D15D28 /* Images.xcassets in Resources */ = {isa = PBXBuildFile; fileRef = 5E44DDC519DCB25000D15D28 /* Images.xcassets */; };
		5E44DDC919DCB25000D15D28 /* LaunchScreen.xib in Resources */ = {isa = PBXBuildFile; fileRef = 5E44DDC719DCB25000D15D28 /* LaunchScreen.xib */; };
		5E44DDD519DCB25000D15D28 /* MatchismoTests.m in Sources */ = {isa = PBXBuildFile; fileRef = 5E44DDD419DCB25000D15D28 /* MatchismoTests.m */; };
		5E44DDE219DCB47800D15D28 /* blank card hi-res.png in Resources */ = {isa = PBXBuildFile; fileRef = 5E44DDDE19DCB47800D15D28 /* blank card hi-res.png */; };
		5E44DDE319DCB47800D15D28 /* blank card rounded corner.png in Resources */ = {isa = PBXBuildFile; fileRef = 5E44DDDF19DCB47800D15D28 /* blank card rounded corner.png */; };
		5E44DDEC19DDAF6400D15D28 /* Card.m in Sources */ = {isa = PBXBuildFile; fileRef = 5E44DDEB19DDAF6400D15D28 /* Card.m */; };
		5E44DDF019DDB8A500D15D28 /* PlayingCard.m in Sources */ = {isa = PBXBuildFile; fileRef = 5E44DDEF19DDB8A500D15D28 /* PlayingCard.m */; };
		5E44DDF319DDCE1500D15D28 /* Deck.m in Sources */ = {isa = PBXBuildFile; fileRef = 5E44DDF219DDCE1500D15D28 /* Deck.m */; };
		5E44DDF619DDD4A300D15D28 /* PlayingCardDeck.m in Sources */ = {isa = PBXBuildFile; fileRef = 5E44DDF519DDD4A300D15D28 /* PlayingCardDeck.m */; };
		5E8B5C8919EDFAB800D11B80 /* SelectionImpactHistoryViewController.m in Sources */ = {isa = PBXBuildFile; fileRef = 5E8B5C8819EDFAB800D11B80 /* SelectionImpactHistoryViewController.m */; };
		5E9935B119E461D9001E2C36 /* CardGameNotifications.m in Sources */ = {isa = PBXBuildFile; fileRef = 5E9935B019E461D9001E2C36 /* CardGameNotifications.m */; };
		5EA58CED19E84B7400D7E37C /* PlayingCardGameViewController.m in Sources */ = {isa = PBXBuildFile; fileRef = 5EA58CEC19E84B7400D7E37C /* PlayingCardGameViewController.m */; };
		5EA58CF019E85C1900D7E37C /* SetCardGameViewController.m in Sources */ = {isa = PBXBuildFile; fileRef = 5EA58CEF19E85C1900D7E37C /* SetCardGameViewController.m */; };
		5EA58CF319E882C900D7E37C /* SetCard.m in Sources */ = {isa = PBXBuildFile; fileRef = 5EA58CF219E882C900D7E37C /* SetCard.m */; };
		5EA58CF619E8956800D7E37C /* SetCardDeck.m in Sources */ = {isa = PBXBuildFile; fileRef = 5EA58CF519E8956800D7E37C /* SetCardDeck.m */; };
		5EC05CC319DF19350099E0F6 /* CardMatchingGame.m in Sources */ = {isa = PBXBuildFile; fileRef = 5EC05CC219DF19350099E0F6 /* CardMatchingGame.m */; };
		5ECB27DD19F6E5E600AC0497 /* PlayingCardView.m in Sources */ = {isa = PBXBuildFile; fileRef = 5ECB27DC19F6E5E600AC0497 /* PlayingCardView.m */; };
		5ECB27E019F6F51800AC0497 /* HighScoresViewController.m in Sources */ = {isa = PBXBuildFile; fileRef = 5ECB27DF19F6F51800AC0497 /* HighScoresViewController.m */; };
/* End PBXBuildFile section */

/* Begin PBXContainerItemProxy section */
		5E44DDCF19DCB25000D15D28 /* PBXContainerItemProxy */ = {
			isa = PBXContainerItemProxy;
			containerPortal = 5E44DDAD19DCB25000D15D28 /* Project object */;
			proxyType = 1;
			remoteGlobalIDString = 5E44DDB419DCB25000D15D28;
			remoteInfo = Matchismo;
		};
/* End PBXContainerItemProxy section */

/* Begin PBXFileReference section */
		5E44DDB519DCB25000D15D28 /* Matchismo.app */ = {isa = PBXFileReference; explicitFileType = wrapper.application; includeInIndex = 0; path = Matchismo.app; sourceTree = BUILT_PRODUCTS_DIR; };
		5E44DDB919DCB25000D15D28 /* Info.plist */ = {isa = PBXFileReference; lastKnownFileType = text.plist.xml; path = Info.plist; sourceTree = "<group>"; };
		5E44DDBA19DCB25000D15D28 /* main.m */ = {isa = PBXFileReference; lastKnownFileType = sourcecode.c.objc; path = main.m; sourceTree = "<group>"; };
		5E44DDBC19DCB25000D15D28 /* CardGameAppDelegate.h */ = {isa = PBXFileReference; lastKnownFileType = sourcecode.c.h; path = CardGameAppDelegate.h; sourceTree = "<group>"; };
		5E44DDBD19DCB25000D15D28 /* CardGameAppDelegate.m */ = {isa = PBXFileReference; lastKnownFileType = sourcecode.c.objc; path = CardGameAppDelegate.m; sourceTree = "<group>"; };
		5E44DDBF19DCB25000D15D28 /* CardGameViewController.h */ = {isa = PBXFileReference; lastKnownFileType = sourcecode.c.h; path = CardGameViewController.h; sourceTree = "<group>"; };
		5E44DDC019DCB25000D15D28 /* CardGameViewController.m */ = {isa = PBXFileReference; lastKnownFileType = sourcecode.c.objc; path = CardGameViewController.m; sourceTree = "<group>"; };
		5E44DDC319DCB25000D15D28 /* Base */ = {isa = PBXFileReference; lastKnownFileType = file.storyboard; name = Base; path = Base.lproj/Main.storyboard; sourceTree = "<group>"; };
		5E44DDC519DCB25000D15D28 /* Images.xcassets */ = {isa = PBXFileReference; lastKnownFileType = folder.assetcatalog; path = Images.xcassets; sourceTree = "<group>"; };
		5E44DDC819DCB25000D15D28 /* Base */ = {isa = PBXFileReference; lastKnownFileType = file.xib; name = Base; path = Base.lproj/LaunchScreen.xib; sourceTree = "<group>"; };
		5E44DDCE19DCB25000D15D28 /* MatchismoTests.xctest */ = {isa = PBXFileReference; explicitFileType = wrapper.cfbundle; includeInIndex = 0; path = MatchismoTests.xctest; sourceTree = BUILT_PRODUCTS_DIR; };
		5E44DDD319DCB25000D15D28 /* Info.plist */ = {isa = PBXFileReference; lastKnownFileType = text.plist.xml; path = Info.plist; sourceTree = "<group>"; };
		5E44DDD419DCB25000D15D28 /* MatchismoTests.m */ = {isa = PBXFileReference; lastKnownFileType = sourcecode.c.objc; path = MatchismoTests.m; sourceTree = "<group>"; };
		5E44DDDE19DCB47800D15D28 /* blank card hi-res.png */ = {isa = PBXFileReference; lastKnownFileType = image.png; path = "blank card hi-res.png"; sourceTree = "<group>"; };
		5E44DDDF19DCB47800D15D28 /* blank card rounded corner.png */ = {isa = PBXFileReference; lastKnownFileType = image.png; path = "blank card rounded corner.png"; sourceTree = "<group>"; };
		5E44DDEA19DDAF6400D15D28 /* Card.h */ = {isa = PBXFileReference; fileEncoding = 4; lastKnownFileType = sourcecode.c.h; name = Card.h; path = Model/Card.h; sourceTree = "<group>"; };
		5E44DDEB19DDAF6400D15D28 /* Card.m */ = {isa = PBXFileReference; fileEncoding = 4; lastKnownFileType = sourcecode.c.objc; name = Card.m; path = Model/Card.m; sourceTree = "<group>"; };
		5E44DDEE19DDB8A500D15D28 /* PlayingCard.h */ = {isa = PBXFileReference; fileEncoding = 4; lastKnownFileType = sourcecode.c.h; name = PlayingCard.h; path = Model/PlayingCard.h; sourceTree = "<group>"; };
		5E44DDEF19DDB8A500D15D28 /* PlayingCard.m */ = {isa = PBXFileReference; fileEncoding = 4; lastKnownFileType = sourcecode.c.objc; name = PlayingCard.m; path = Model/PlayingCard.m; sourceTree = "<group>"; };
		5E44DDF119DDCE1500D15D28 /* Deck.h */ = {isa = PBXFileReference; fileEncoding = 4; lastKnownFileType = sourcecode.c.h; name = Deck.h; path = Model/Deck.h; sourceTree = "<group>"; };
		5E44DDF219DDCE1500D15D28 /* Deck.m */ = {isa = PBXFileReference; fileEncoding = 4; lastKnownFileType = sourcecode.c.objc; name = Deck.m; path = Model/Deck.m; sourceTree = "<group>"; };
		5E44DDF419DDD4A300D15D28 /* PlayingCardDeck.h */ = {isa = PBXFileReference; fileEncoding = 4; lastKnownFileType = sourcecode.c.h; name = PlayingCardDeck.h; path = Model/PlayingCardDeck.h; sourceTree = "<group>"; };
		5E44DDF519DDD4A300D15D28 /* PlayingCardDeck.m */ = {isa = PBXFileReference; fileEncoding = 4; lastKnownFileType = sourcecode.c.objc; name = PlayingCardDeck.m; path = Model/PlayingCardDeck.m; sourceTree = "<group>"; };
		5E8B5C8619EDD43C00D11B80 /* SomeCommonUtils.h */ = {isa = PBXFileReference; fileEncoding = 4; lastKnownFileType = sourcecode.c.h; path = SomeCommonUtils.h; sourceTree = "<group>"; };
		5E8B5C8719EDFAB800D11B80 /* SelectionImpactHistoryViewController.h */ = {isa = PBXFileReference; fileEncoding = 4; lastKnownFileType = sourcecode.c.h; path = SelectionImpactHistoryViewController.h; sourceTree = "<group>"; };
		5E8B5C8819EDFAB800D11B80 /* SelectionImpactHistoryViewController.m */ = {isa = PBXFileReference; fileEncoding = 4; lastKnownFileType = sourcecode.c.objc; path = SelectionImpactHistoryViewController.m; sourceTree = "<group>"; };
		5E9935AF19E461D9001E2C36 /* CardGameNotifications.h */ = {isa = PBXFileReference; fileEncoding = 4; lastKnownFileType = sourcecode.c.h; name = CardGameNotifications.h; path = Model/CardGameNotifications.h; sourceTree = "<group>"; };
		5E9935B019E461D9001E2C36 /* CardGameNotifications.m */ = {isa = PBXFileReference; fileEncoding = 4; lastKnownFileType = sourcecode.c.objc; name = CardGameNotifications.m; path = Model/CardGameNotifications.m; sourceTree = "<group>"; };
		5EA58CEB19E84B7400D7E37C /* PlayingCardGameViewController.h */ = {isa = PBXFileReference; fileEncoding = 4; lastKnownFileType = sourcecode.c.h; path = PlayingCardGameViewController.h; sourceTree = "<group>"; };
		5EA58CEC19E84B7400D7E37C /* PlayingCardGameViewController.m */ = {isa = PBXFileReference; fileEncoding = 4; lastKnownFileType = sourcecode.c.objc; path = PlayingCardGameViewController.m; sourceTree = "<group>"; };
		5EA58CEE19E85C1900D7E37C /* SetCardGameViewController.h */ = {isa = PBXFileReference; fileEncoding = 4; lastKnownFileType = sourcecode.c.h; path = SetCardGameViewController.h; sourceTree = "<group>"; };
		5EA58CEF19E85C1900D7E37C /* SetCardGameViewController.m */ = {isa = PBXFileReference; fileEncoding = 4; lastKnownFileType = sourcecode.c.objc; path = SetCardGameViewController.m; sourceTree = "<group>"; };
		5EA58CF119E882C900D7E37C /* SetCard.h */ = {isa = PBXFileReference; fileEncoding = 4; lastKnownFileType = sourcecode.c.h; name = SetCard.h; path = Model/SetCard.h; sourceTree = "<group>"; };
		5EA58CF219E882C900D7E37C /* SetCard.m */ = {isa = PBXFileReference; fileEncoding = 4; lastKnownFileType = sourcecode.c.objc; name = SetCard.m; path = Model/SetCard.m; sourceTree = "<group>"; };
		5EA58CF419E8956800D7E37C /* SetCardDeck.h */ = {isa = PBXFileReference; fileEncoding = 4; lastKnownFileType = sourcecode.c.h; name = SetCardDeck.h; path = Model/SetCardDeck.h; sourceTree = "<group>"; };
		5EA58CF519E8956800D7E37C /* SetCardDeck.m */ = {isa = PBXFileReference; fileEncoding = 4; lastKnownFileType = sourcecode.c.objc; name = SetCardDeck.m; path = Model/SetCardDeck.m; sourceTree = "<group>"; };
		5EC05CC119DF19350099E0F6 /* CardMatchingGame.h */ = {isa = PBXFileReference; fileEncoding = 4; lastKnownFileType = sourcecode.c.h; name = CardMatchingGame.h; path = Model/CardMatchingGame.h; sourceTree = "<group>"; };
		5EC05CC219DF19350099E0F6 /* CardMatchingGame.m */ = {isa = PBXFileReference; fileEncoding = 4; lastKnownFileType = sourcecode.c.objc; name = CardMatchingGame.m; path = Model/CardMatchingGame.m; sourceTree = "<group>"; };
		5ECB27DB19F6E5E600AC0497 /* PlayingCardView.h */ = {isa = PBXFileReference; fileEncoding = 4; lastKnownFileType = sourcecode.c.h; name = PlayingCardView.h; path = View/PlayingCardView.h; sourceTree = "<group>"; };
		5ECB27DC19F6E5E600AC0497 /* PlayingCardView.m */ = {isa = PBXFileReference; fileEncoding = 4; lastKnownFileType = sourcecode.c.objc; name = PlayingCardView.m; path = View/PlayingCardView.m; sourceTree = "<group>"; };
		5ECB27DE19F6F51800AC0497 /* HighScoresViewController.h */ = {isa = PBXFileReference; fileEncoding = 4; lastKnownFileType = sourcecode.c.h; path = HighScoresViewController.h; sourceTree = "<group>"; };
		5ECB27DF19F6F51800AC0497 /* HighScoresViewController.m */ = {isa = PBXFileReference; fileEncoding = 4; lastKnownFileType = sourcecode.c.objc; path = HighScoresViewController.m; sourceTree = "<group>"; };
/* End PBXFileReference section */

/* Begin PBXFrameworksBuildPhase section */
		5E44DDB219DCB25000D15D28 /* Frameworks */ = {
			isa = PBXFrameworksBuildPhase;
			buildActionMask = 2147483647;
			files = (
			);
			runOnlyForDeploymentPostprocessing = 0;
		};
		5E44DDCB19DCB25000D15D28 /* Frameworks */ = {
			isa = PBXFrameworksBuildPhase;
			buildActionMask = 2147483647;
			files = (
			);
			runOnlyForDeploymentPostprocessing = 0;
		};
/* End PBXFrameworksBuildPhase section */

/* Begin PBXGroup section */
		5E44DDAC19DCB25000D15D28 = {
			isa = PBXGroup;
			children = (
				5E44DDB719DCB25000D15D28 /* Matchismo */,
				5E44DDD119DCB25000D15D28 /* MatchismoTests */,
				5E44DDB619DCB25000D15D28 /* Products */,
			);
			sourceTree = "<group>";
		};
		5E44DDB619DCB25000D15D28 /* Products */ = {
			isa = PBXGroup;
			children = (
				5E44DDB519DCB25000D15D28 /* Matchismo.app */,
				5E44DDCE19DCB25000D15D28 /* MatchismoTests.xctest */,
			);
			name = Products;
			sourceTree = "<group>";
		};
		5E44DDB719DCB25000D15D28 /* Matchismo */ = {
			isa = PBXGroup;
			children = (
				5ECB27DA19F6E5C100AC0497 /* View */,
				5E44DDED19DDAFAD00D15D28 /* Model */,
				5E44DDBF19DCB25000D15D28 /* CardGameViewController.h */,
				5EA58CEB19E84B7400D7E37C /* PlayingCardGameViewController.h */,
				5EA58CEC19E84B7400D7E37C /* PlayingCardGameViewController.m */,
				5E44DDC019DCB25000D15D28 /* CardGameViewController.m */,
				5E44DDC219DCB25000D15D28 /* Main.storyboard */,
				5ECB27DE19F6F51800AC0497 /* HighScoresViewController.h */,
				5ECB27DF19F6F51800AC0497 /* HighScoresViewController.m */,
				5E8B5C8719EDFAB800D11B80 /* SelectionImpactHistoryViewController.h */,
				5E8B5C8819EDFAB800D11B80 /* SelectionImpactHistoryViewController.m */,
				5EA58CEE19E85C1900D7E37C /* SetCardGameViewController.h */,
				5EA58CEF19E85C1900D7E37C /* SetCardGameViewController.m */,
				5E44DDDE19DCB47800D15D28 /* blank card hi-res.png */,
				5E44DDDF19DCB47800D15D28 /* blank card rounded corner.png */,
				5E44DDC519DCB25000D15D28 /* Images.xcassets */,
				5E44DDC719DCB25000D15D28 /* LaunchScreen.xib */,
				5E44DDB819DCB25000D15D28 /* Supporting Files */,
			);
			path = Matchismo;
			sourceTree = "<group>";
		};
		5E44DDB819DCB25000D15D28 /* Supporting Files */ = {
			isa = PBXGroup;
			children = (
				5E44DDBC19DCB25000D15D28 /* CardGameAppDelegate.h */,
				5E44DDBD19DCB25000D15D28 /* CardGameAppDelegate.m */,
				5E44DDB919DCB25000D15D28 /* Info.plist */,
				5E44DDBA19DCB25000D15D28 /* main.m */,
				5E8B5C8619EDD43C00D11B80 /* SomeCommonUtils.h */,
			);
			name = "Supporting Files";
			sourceTree = "<group>";
		};
		5E44DDD119DCB25000D15D28 /* MatchismoTests */ = {
			isa = PBXGroup;
			children = (
				5E44DDD419DCB25000D15D28 /* MatchismoTests.m */,
				5E44DDD219DCB25000D15D28 /* Supporting Files */,
			);
			path = MatchismoTests;
			sourceTree = "<group>";
		};
		5E44DDD219DCB25000D15D28 /* Supporting Files */ = {
			isa = PBXGroup;
			children = (
				5E44DDD319DCB25000D15D28 /* Info.plist */,
			);
			name = "Supporting Files";
			sourceTree = "<group>";
		};
		5E44DDED19DDAFAD00D15D28 /* Model */ = {
			isa = PBXGroup;
			children = (
				5E44DDEA19DDAF6400D15D28 /* Card.h */,
				5E44DDEE19DDB8A500D15D28 /* PlayingCard.h */,
				5EA58CF119E882C900D7E37C /* SetCard.h */,
				5EA58CF219E882C900D7E37C /* SetCard.m */,
				5E44DDEF19DDB8A500D15D28 /* PlayingCard.m */,
				5E44DDEB19DDAF6400D15D28 /* Card.m */,
				5E44DDF119DDCE1500D15D28 /* Deck.h */,
				5E44DDF219DDCE1500D15D28 /* Deck.m */,
				5E44DDF419DDD4A300D15D28 /* PlayingCardDeck.h */,
				5E44DDF519DDD4A300D15D28 /* PlayingCardDeck.m */,
				5EA58CF419E8956800D7E37C /* SetCardDeck.h */,
				5EA58CF519E8956800D7E37C /* SetCardDeck.m */,
				5EC05CC119DF19350099E0F6 /* CardMatchingGame.h */,
				5EC05CC219DF19350099E0F6 /* CardMatchingGame.m */,
				5E9935AF19E461D9001E2C36 /* CardGameNotifications.h */,
				5E9935B019E461D9001E2C36 /* CardGameNotifications.m */,
			);
			name = Model;
			sourceTree = "<group>";
		};
		5ECB27DA19F6E5C100AC0497 /* View */ = {
			isa = PBXGroup;
			children = (
				5ECB27DB19F6E5E600AC0497 /* PlayingCardView.h */,
				5ECB27DC19F6E5E600AC0497 /* PlayingCardView.m */,
			);
			name = View;
			sourceTree = "<group>";
		};
/* End PBXGroup section */

/* Begin PBXNativeTarget section */
		5E44DDB419DCB25000D15D28 /* Matchismo */ = {
			isa = PBXNativeTarget;
			buildConfigurationList = 5E44DDD819DCB25000D15D28 /* Build configuration list for PBXNativeTarget "Matchismo" */;
			buildPhases = (
				5E44DDB119DCB25000D15D28 /* Sources */,
				5E44DDB219DCB25000D15D28 /* Frameworks */,
				5E44DDB319DCB25000D15D28 /* Resources */,
			);
			buildRules = (
			);
			dependencies = (
			);
			name = Matchismo;
			productName = Matchismo;
			productReference = 5E44DDB519DCB25000D15D28 /* Matchismo.app */;
			productType = "com.apple.product-type.application";
		};
		5E44DDCD19DCB25000D15D28 /* MatchismoTests */ = {
			isa = PBXNativeTarget;
			buildConfigurationList = 5E44DDDB19DCB25000D15D28 /* Build configuration list for PBXNativeTarget "MatchismoTests" */;
			buildPhases = (
				5E44DDCA19DCB25000D15D28 /* Sources */,
				5E44DDCB19DCB25000D15D28 /* Frameworks */,
				5E44DDCC19DCB25000D15D28 /* Resources */,
			);
			buildRules = (
			);
			dependencies = (
				5E44DDD019DCB25000D15D28 /* PBXTargetDependency */,
			);
			name = MatchismoTests;
			productName = MatchismoTests;
			productReference = 5E44DDCE19DCB25000D15D28 /* MatchismoTests.xctest */;
			productType = "com.apple.product-type.bundle.unit-test";
		};
/* End PBXNativeTarget section */

/* Begin PBXProject section */
		5E44DDAD19DCB25000D15D28 /* Project object */ = {
			isa = PBXProject;
			attributes = {
				LastUpgradeCheck = 0600;
				ORGANIZATIONNAME = "Parmesh Bayappu";
				TargetAttributes = {
					5E44DDB419DCB25000D15D28 = {
						CreatedOnToolsVersion = 6.0.1;
					};
					5E44DDCD19DCB25000D15D28 = {
						CreatedOnToolsVersion = 6.0.1;
						TestTargetID = 5E44DDB419DCB25000D15D28;
					};
				};
			};
			buildConfigurationList = 5E44DDB019DCB25000D15D28 /* Build configuration list for PBXProject "Matchismo" */;
			compatibilityVersion = "Xcode 3.2";
			developmentRegion = English;
			hasScannedForEncodings = 0;
			knownRegions = (
				en,
				Base,
			);
			mainGroup = 5E44DDAC19DCB25000D15D28;
			productRefGroup = 5E44DDB619DCB25000D15D28 /* Products */;
			projectDirPath = "";
			projectRoot = "";
			targets = (
				5E44DDB419DCB25000D15D28 /* Matchismo */,
				5E44DDCD19DCB25000D15D28 /* MatchismoTests */,
			);
		};
/* End PBXProject section */

/* Begin PBXResourcesBuildPhase section */
		5E44DDB319DCB25000D15D28 /* Resources */ = {
			isa = PBXResourcesBuildPhase;
			buildActionMask = 2147483647;
			files = (
				5E44DDC419DCB25000D15D28 /* Main.storyboard in Resources */,
				5E44DDE319DCB47800D15D28 /* blank card rounded corner.png in Resources */,
				5E44DDC919DCB25000D15D28 /* LaunchScreen.xib in Resources */,
				5E44DDE219DCB47800D15D28 /* blank card hi-res.png in Resources */,
				5E44DDC619DCB25000D15D28 /* Images.xcassets in Resources */,
			);
			runOnlyForDeploymentPostprocessing = 0;
		};
		5E44DDCC19DCB25000D15D28 /* Resources */ = {
			isa = PBXResourcesBuildPhase;
			buildActionMask = 2147483647;
			files = (
			);
			runOnlyForDeploymentPostprocessing = 0;
		};
/* End PBXResourcesBuildPhase section */

/* Begin PBXSourcesBuildPhase section */
		5E44DDB119DCB25000D15D28 /* Sources */ = {
			isa = PBXSourcesBuildPhase;
			buildActionMask = 2147483647;
			files = (
				5EA58CF019E85C1900D7E37C /* SetCardGameViewController.m in Sources */,
				5ECB27E019F6F51800AC0497 /* HighScoresViewController.m in Sources */,
				5E44DDC119DCB25000D15D28 /* CardGameViewController.m in Sources */,
				5EA58CF319E882C900D7E37C /* SetCard.m in Sources */,
				5E44DDBE19DCB25000D15D28 /* CardGameAppDelegate.m in Sources */,
				5ECB27DD19F6E5E600AC0497 /* PlayingCardView.m in Sources */,
				5E44DDBB19DCB25000D15D28 /* main.m in Sources */,
				5EA58CED19E84B7400D7E37C /* PlayingCardGameViewController.m in Sources */,
				5E44DDF019DDB8A500D15D28 /* PlayingCard.m in Sources */,
				5EC05CC319DF19350099E0F6 /* CardMatchingGame.m in Sources */,
				5EA58CF619E8956800D7E37C /* SetCardDeck.m in Sources */,
				5E44DDF619DDD4A300D15D28 /* PlayingCardDeck.m in Sources */,
				5E8B5C8919EDFAB800D11B80 /* SelectionImpactHistoryViewController.m in Sources */,
				5E9935B119E461D9001E2C36 /* CardGameNotifications.m in Sources */,
				5E44DDF319DDCE1500D15D28 /* Deck.m in Sources */,
				5E44DDEC19DDAF6400D15D28 /* Card.m in Sources */,
			);
			runOnlyForDeploymentPostprocessing = 0;
		};
		5E44DDCA19DCB25000D15D28 /* Sources */ = {
			isa = PBXSourcesBuildPhase;
			buildActionMask = 2147483647;
			files = (
				5E44DDD519DCB25000D15D28 /* MatchismoTests.m in Sources */,
			);
			runOnlyForDeploymentPostprocessing = 0;
		};
/* End PBXSourcesBuildPhase section */

/* Begin PBXTargetDependency section */
		5E44DDD019DCB25000D15D28 /* PBXTargetDependency */ = {
			isa = PBXTargetDependency;
			target = 5E44DDB419DCB25000D15D28 /* Matchismo */;
			targetProxy = 5E44DDCF19DCB25000D15D28 /* PBXContainerItemProxy */;
		};
/* End PBXTargetDependency section */

/* Begin PBXVariantGroup section */
		5E44DDC219DCB25000D15D28 /* Main.storyboard */ = {
			isa = PBXVariantGroup;
			children = (
				5E44DDC319DCB25000D15D28 /* Base */,
			);
			name = Main.storyboard;
			sourceTree = "<group>";
		};
		5E44DDC719DCB25000D15D28 /* LaunchScreen.xib */ = {
			isa = PBXVariantGroup;
			children = (
				5E44DDC819DCB25000D15D28 /* Base */,
			);
			name = LaunchScreen.xib;
			sourceTree = "<group>";
		};
/* End PBXVariantGroup section */

/* Begin XCBuildConfiguration section */
		5E44DDD619DCB25000D15D28 /* Debug */ = {
			isa = XCBuildConfiguration;
			buildSettings = {
				ALWAYS_SEARCH_USER_PATHS = NO;
				CLANG_CXX_LANGUAGE_STANDARD = "gnu++0x";
				CLANG_CXX_LIBRARY = "libc++";
				CLANG_ENABLE_MODULES = YES;
				CLANG_ENABLE_OBJC_ARC = YES;
				CLANG_WARN_BOOL_CONVERSION = YES;
				CLANG_WARN_CONSTANT_CONVERSION = YES;
				CLANG_WARN_DIRECT_OBJC_ISA_USAGE = YES_ERROR;
				CLANG_WARN_EMPTY_BODY = YES;
				CLANG_WARN_ENUM_CONVERSION = YES;
				CLANG_WARN_INT_CONVERSION = YES;
				CLANG_WARN_OBJC_ROOT_CLASS = YES_ERROR;
				CLANG_WARN_UNREACHABLE_CODE = YES;
				CLANG_WARN__DUPLICATE_METHOD_MATCH = YES;
				"CODE_SIGN_IDENTITY[sdk=iphoneos*]" = "iPhone Developer";
				COPY_PHASE_STRIP = NO;
				ENABLE_STRICT_OBJC_MSGSEND = YES;
				GCC_C_LANGUAGE_STANDARD = gnu99;
				GCC_DYNAMIC_NO_PIC = NO;
				GCC_OPTIMIZATION_LEVEL = 0;
				GCC_PREPROCESSOR_DEFINITIONS = (
					"DEBUG=1",
					"$(inherited)",
				);
				GCC_SYMBOLS_PRIVATE_EXTERN = NO;
				GCC_WARN_64_TO_32_BIT_CONVERSION = YES;
				GCC_WARN_ABOUT_RETURN_TYPE = YES_ERROR;
				GCC_WARN_UNDECLARED_SELECTOR = YES;
				GCC_WARN_UNINITIALIZED_AUTOS = YES_AGGRESSIVE;
				GCC_WARN_UNUSED_FUNCTION = YES;
				GCC_WARN_UNUSED_VARIABLE = YES;
				IPHONEOS_DEPLOYMENT_TARGET = 8.0;
				MTL_ENABLE_DEBUG_INFO = YES;
				ONLY_ACTIVE_ARCH = YES;
				SDKROOT = iphoneos;
			};
			name = Debug;
		};
		5E44DDD719DCB25000D15D28 /* Release */ = {
			isa = XCBuildConfiguration;
			buildSettings = {
				ALWAYS_SEARCH_USER_PATHS = NO;
				CLANG_CXX_LANGUAGE_STANDARD = "gnu++0x";
				CLANG_CXX_LIBRARY = "libc++";
				CLANG_ENABLE_MODULES = YES;
				CLANG_ENABLE_OBJC_ARC = YES;
				CLANG_WARN_BOOL_CONVERSION = YES;
				CLANG_WARN_CONSTANT_CONVERSION = YES;
				CLANG_WARN_DIRECT_OBJC_ISA_USAGE = YES_ERROR;
				CLANG_WARN_EMPTY_BODY = YES;
				CLANG_WARN_ENUM_CONVERSION = YES;
				CLANG_WARN_INT_CONVERSION = YES;
				CLANG_WARN_OBJC_ROOT_CLASS = YES_ERROR;
				CLANG_WARN_UNREACHABLE_CODE = YES;
				CLANG_WARN__DUPLICATE_METHOD_MATCH = YES;
				"CODE_SIGN_IDENTITY[sdk=iphoneos*]" = "iPhone Developer";
				COPY_PHASE_STRIP = YES;
				ENABLE_NS_ASSERTIONS = NO;
				ENABLE_STRICT_OBJC_MSGSEND = YES;
				GCC_C_LANGUAGE_STANDARD = gnu99;
				GCC_WARN_64_TO_32_BIT_CONVERSION = YES;
				GCC_WARN_ABOUT_RETURN_TYPE = YES_ERROR;
				GCC_WARN_UNDECLARED_SELECTOR = YES;
				GCC_WARN_UNINITIALIZED_AUTOS = YES_AGGRESSIVE;
				GCC_WARN_UNUSED_FUNCTION = YES;
				GCC_WARN_UNUSED_VARIABLE = YES;
				IPHONEOS_DEPLOYMENT_TARGET = 8.0;
				MTL_ENABLE_DEBUG_INFO = NO;
				SDKROOT = iphoneos;
				VALIDATE_PRODUCT = YES;
			};
			name = Release;
		};
		5E44DDD919DCB25000D15D28 /* Debug */ = {
			isa = XCBuildConfiguration;
			buildSettings = {
				ASSETCATALOG_COMPILER_APPICON_NAME = AppIcon;
				INFOPLIST_FILE = Matchismo/Info.plist;
				LD_RUNPATH_SEARCH_PATHS = "$(inherited) @executable_path/Frameworks";
				PRODUCT_NAME = "$(TARGET_NAME)";
			};
			name = Debug;
		};
		5E44DDDA19DCB25000D15D28 /* Release */ = {
			isa = XCBuildConfiguration;
			buildSettings = {
				ASSETCATALOG_COMPILER_APPICON_NAME = AppIcon;
				INFOPLIST_FILE = Matchismo/Info.plist;
				LD_RUNPATH_SEARCH_PATHS = "$(inherited) @executable_path/Frameworks";
				PRODUCT_NAME = "$(TARGET_NAME)";
			};
			name = Release;
		};
		5E44DDDC19DCB25000D15D28 /* Debug */ = {
			isa = XCBuildConfiguration;
			buildSettings = {
				BUNDLE_LOADER = "$(TEST_HOST)";
				FRAMEWORK_SEARCH_PATHS = (
					"$(SDKROOT)/Developer/Library/Frameworks",
					"$(inherited)",
				);
				GCC_PREPROCESSOR_DEFINITIONS = (
					"DEBUG=1",
					"$(inherited)",
				);
				INFOPLIST_FILE = MatchismoTests/Info.plist;
				LD_RUNPATH_SEARCH_PATHS = "$(inherited) @executable_path/Frameworks @loader_path/Frameworks";
				PRODUCT_NAME = "$(TARGET_NAME)";
				TEST_HOST = "$(BUILT_PRODUCTS_DIR)/Matchismo.app/Matchismo";
			};
			name = Debug;
		};
		5E44DDDD19DCB25000D15D28 /* Release */ = {
			isa = XCBuildConfiguration;
			buildSettings = {
				BUNDLE_LOADER = "$(TEST_HOST)";
				FRAMEWORK_SEARCH_PATHS = (
					"$(SDKROOT)/Developer/Library/Frameworks",
					"$(inherited)",
				);
				INFOPLIST_FILE = MatchismoTests/Info.plist;
				LD_RUNPATH_SEARCH_PATHS = "$(inherited) @executable_path/Frameworks @loader_path/Frameworks";
				PRODUCT_NAME = "$(TARGET_NAME)";
				TEST_HOST = "$(BUILT_PRODUCTS_DIR)/Matchismo.app/Matchismo";
			};
			name = Release;
		};
/* End XCBuildConfiguration section */

/* Begin XCConfigurationList section */
		5E44DDB019DCB25000D15D28 /* Build configuration list for PBXProject "Matchismo" */ = {
			isa = XCConfigurationList;
			buildConfigurations = (
				5E44DDD619DCB25000D15D28 /* Debug */,
				5E44DDD719DCB25000D15D28 /* Release */,
			);
			defaultConfigurationIsVisible = 0;
			defaultConfigurationName = Release;
		};
		5E44DDD819DCB25000D15D28 /* Build configuration list for PBXNativeTarget "Matchismo" */ = {
			isa = XCConfigurationList;
			buildConfigurations = (
				5E44DDD919DCB25000D15D28 /* Debug */,
				5E44DDDA19DCB25000D15D28 /* Release */,
			);
			defaultConfigurationIsVisible = 0;
			defaultConfigurationName = Release;
		};
		5E44DDDB19DCB25000D15D28 /* Build configuration list for PBXNativeTarget "MatchismoTests" */ = {
			isa = XCConfigurationList;
			buildConfigurations = (
				5E44DDDC19DCB25000D15D28 /* Debug */,
				5E44DDDD19DCB25000D15D28 /* Release */,
			);
			defaultConfigurationIsVisible = 0;
			defaultConfigurationName = Release;
		};
/* End XCConfigurationList section */
	};
	rootObject = 5E44DDAD19DCB25000D15D28 /* Project object */;
}
